
Microsoft Visual Studio Solution File, Format Version 12.00
# Visual Studio Version 17
VisualStudioVersion = 17.4.33213.308
MinimumVisualStudioVersion = 10.0.40219.1
Project("{9A19103F-16F7-4668-BE54-9A1E7A4F7556}") = "AirTickets.App", "src\AirTickets.App\AirTickets.App.csproj", "{A32B4223-386A-4A2E-820F-40177B6EFC33}"
EndProject
Project("{9A19103F-16F7-4668-BE54-9A1E7A4F7556}") = "AirTickets.Dal", "src\AirTickets.Dal\AirTickets.Dal.csproj", "{8C23D264-3B69-4547-9309-FF01866F9C0F}"
EndProject
Project("{2150E333-8FDC-42A3-9474-1A3956D46DE8}") = "src", "src", "{8E85DD52-F138-4608-B206-4862BBA8DEA8}"
EndProject
Global
	GlobalSection(SolutionConfigurationPlatforms) = preSolution
		Debug|Any CPU = Debug|Any CPU
		Release|Any CPU = Release|Any CPU
	EndGlobalSection
	GlobalSection(ProjectConfigurationPlatforms) = postSolution
		{A32B4223-386A-4A2E-820F-40177B6EFC33}.Debug|Any CPU.ActiveCfg = Debug|Any CPU
		{A32B4223-386A-4A2E-820F-40177B6EFC33}.Debug|Any CPU.Build.0 = Debug|Any CPU
		{A32B4223-386A-4A2E-820F-40177B6EFC33}.Release|Any CPU.ActiveCfg = Release|Any CPU
		{A32B4223-386A-4A2E-820F-40177B6EFC33}.Release|Any CPU.Build.0 = Release|Any CPU
		{8C23D264-3B69-4547-9309-FF01866F9C0F}.Debug|Any CPU.ActiveCfg = Debug|Any CPU
		{8C23D264-3B69-4547-9309-FF01866F9C0F}.Debug|Any CPU.Build.0 = Debug|Any CPU
		{8C23D264-3B69-4547-9309-FF01866F9C0F}.Release|Any CPU.ActiveCfg = Release|Any CPU
		{8C23D264-3B69-4547-9309-FF01866F9C0F}.Release|Any CPU.Build.0 = Release|Any CPU
	EndGlobalSection
	GlobalSection(SolutionProperties) = preSolution
		HideSolutionNode = FALSE
	EndGlobalSection
	GlobalSection(NestedProjects) = preSolution
		{A32B4223-386A-4A2E-820F-40177B6EFC33} = {8E85DD52-F138-4608-B206-4862BBA8DEA8}
		{8C23D264-3B69-4547-9309-FF01866F9C0F} = {8E85DD52-F138-4608-B206-4862BBA8DEA8}
	EndGlobalSection
	GlobalSection(ExtensibilityGlobals) = postSolution
		SolutionGuid = {FD5659DE-31E0-447C-8BAC-79284E963B64}
	EndGlobalSection
EndGlobal
